
Microsoft Visual Studio Solution File, Format Version 12.00
# Visual Studio 2012
Project("{FAE04EC0-301F-11D3-BF4B-00C04F79EFBC}") = "RedisDemo", "RedisDemo\RedisDemo.csproj", "{A26A1E2B-E0BF-41B6-A509-6B94175E9300}"
EndProject
Global
	GlobalSection(SolutionConfigurationPlatforms) = preSolution
		Debug|Any CPU = Debug|Any CPU
		Release|Any CPU = Release|Any CPU
	EndGlobalSection
	GlobalSection(ProjectConfigurationPlatforms) = postSolution
		{A26A1E2B-E0BF-41B6-A509-6B94175E9300}.Debug|Any CPU.ActiveCfg = Debug|Any CPU
		{A26A1E2B-E0BF-41B6-A509-6B94175E9300}.Debug|Any CPU.Build.0 = Debug|Any CPU
		{A26A1E2B-E0BF-41B6-A509-6B94175E9300}.Release|Any CPU.ActiveCfg = Release|Any CPU
		{A26A1E2B-E0BF-41B6-A509-6B94175E9300}.Release|Any CPU.Build.0 = Release|Any CPU
	EndGlobalSection
	GlobalSection(SolutionProperties) = preSolution
		HideSolutionNode = FALSE
	EndGlobalSection
EndGlobal
